
Microsoft Visual Studio Solution File, Format Version 12.00
# Visual Studio Version 17
VisualStudioVersion = 17.7.34009.444
MinimumVisualStudioVersion = 10.0.40219.1
Project("{FAE04EC0-301F-11D3-BF4B-00C04F79EFBC}") = "MYAPI", "MYAPI\MYAPI.csproj", "{ABC52160-79DA-40E7-B44F-3B4BA0667CB5}"
EndProject
Project("{FAE04EC0-301F-11D3-BF4B-00C04F79EFBC}") = "MYAPI.Models", "MYAPI.Models\MYAPI.Models.csproj", "{C9F9124D-3A7A-4253-9B02-084DF4A146C9}"
EndProject
Project("{FAE04EC0-301F-11D3-BF4B-00C04F79EFBC}") = "MYAPI.Services", "MYAPI.Services\MYAPI.Services.csproj", "{29CE1036-DC8B-41C4-9E31-E9E9A48D684B}"
EndProject
Project("{FAE04EC0-301F-11D3-BF4B-00C04F79EFBC}") = "MYAPI.Data", "MYAPI.Data\MYAPI.Data.csproj", "{17DAFBAE-BF8C-47DB-BCA2-A29AFD7E5654}"
EndProject
Project("{FAE04EC0-301F-11D3-BF4B-00C04F79EFBC}") = "MYAPI.Tests", "MYAPI.Tests\MYAPI.Tests.csproj", "{7F3DB327-00CA-4972-8B74-EF76E6C2C979}"
EndProject
Global
	GlobalSection(SolutionConfigurationPlatforms) = preSolution
		Debug|Any CPU = Debug|Any CPU
		Release|Any CPU = Release|Any CPU
	EndGlobalSection
	GlobalSection(ProjectConfigurationPlatforms) = postSolution
		{ABC52160-79DA-40E7-B44F-3B4BA0667CB5}.Debug|Any CPU.ActiveCfg = Debug|Any CPU
		{ABC52160-79DA-40E7-B44F-3B4BA0667CB5}.Debug|Any CPU.Build.0 = Debug|Any CPU
		{ABC52160-79DA-40E7-B44F-3B4BA0667CB5}.Release|Any CPU.ActiveCfg = Release|Any CPU
		{ABC52160-79DA-40E7-B44F-3B4BA0667CB5}.Release|Any CPU.Build.0 = Release|Any CPU
		{C9F9124D-3A7A-4253-9B02-084DF4A146C9}.Debug|Any CPU.ActiveCfg = Debug|Any CPU
		{C9F9124D-3A7A-4253-9B02-084DF4A146C9}.Debug|Any CPU.Build.0 = Debug|Any CPU
		{C9F9124D-3A7A-4253-9B02-084DF4A146C9}.Release|Any CPU.ActiveCfg = Release|Any CPU
		{C9F9124D-3A7A-4253-9B02-084DF4A146C9}.Release|Any CPU.Build.0 = Release|Any CPU
		{29CE1036-DC8B-41C4-9E31-E9E9A48D684B}.Debug|Any CPU.ActiveCfg = Debug|Any CPU
		{29CE1036-DC8B-41C4-9E31-E9E9A48D684B}.Debug|Any CPU.Build.0 = Debug|Any CPU
		{29CE1036-DC8B-41C4-9E31-E9E9A48D684B}.Release|Any CPU.ActiveCfg = Release|Any CPU
		{29CE1036-DC8B-41C4-9E31-E9E9A48D684B}.Release|Any CPU.Build.0 = Release|Any CPU
		{17DAFBAE-BF8C-47DB-BCA2-A29AFD7E5654}.Debug|Any CPU.ActiveCfg = Debug|Any CPU
		{17DAFBAE-BF8C-47DB-BCA2-A29AFD7E5654}.Debug|Any CPU.Build.0 = Debug|Any CPU
		{17DAFBAE-BF8C-47DB-BCA2-A29AFD7E5654}.Release|Any CPU.ActiveCfg = Release|Any CPU
		{17DAFBAE-BF8C-47DB-BCA2-A29AFD7E5654}.Release|Any CPU.Build.0 = Release|Any CPU
		{7F3DB327-00CA-4972-8B74-EF76E6C2C979}.Debug|Any CPU.ActiveCfg = Debug|Any CPU
		{7F3DB327-00CA-4972-8B74-EF76E6C2C979}.Debug|Any CPU.Build.0 = Debug|Any CPU
		{7F3DB327-00CA-4972-8B74-EF76E6C2C979}.Release|Any CPU.ActiveCfg = Release|Any CPU
		{7F3DB327-00CA-4972-8B74-EF76E6C2C979}.Release|Any CPU.Build.0 = Release|Any CPU
	EndGlobalSection
	GlobalSection(SolutionProperties) = preSolution
		HideSolutionNode = FALSE
	EndGlobalSection
	GlobalSection(ExtensibilityGlobals) = postSolution
		SolutionGuid = {0BAD5559-EA6D-4BD1-9CB3-5E5486DE983A}
	EndGlobalSection
EndGlobal
